// !$*UTF8*$!
{
	archiveVersion = 1;
	classes = {
	};
	objectVersion = 77;
	objects = {

/* Begin PBXBuildFile section */
		100000000000000000000030 /* VibeWriteApp.swift in Sources */ = {isa = PBXBuildFile; fileRef = 100000000000000000000020 /* VibeWriteApp.swift */; };
		100000000000000000000031 /* RootShellView.swift in Sources */ = {isa = PBXBuildFile; fileRef = 100000000000000000000021 /* RootShellView.swift */; };
		100000000000000000000032 /* VibeWriteAppFlow.swift in Sources */ = {isa = PBXBuildFile; fileRef = 100000000000000000000022 /* VibeWriteAppFlow.swift */; };
		10000000000000000000004E /* LocalProjectStore.swift in Sources */ = {isa = PBXBuildFile; fileRef = 10000000000000000000004F /* LocalProjectStore.swift */; };
		100000000000000000000034 /* WritingProjectView.swift in Sources */ = {isa = PBXBuildFile; fileRef = 100000000000000000000024 /* WritingProjectView.swift */; };
		100000000000000000000073 /* ProjectAISidebarView.swift in Sources */ = {isa = PBXBuildFile; fileRef = 100000000000000000000074 /* ProjectAISidebarView.swift */; };
		100000000000000000000075 /* ProjectHistoryDrawerView.swift in Sources */ = {isa = PBXBuildFile; fileRef = 100000000000000000000076 /* ProjectHistoryDrawerView.swift */; };
		100000000000000000000077 /* ProjectComposerBar.swift in Sources */ = {isa = PBXBuildFile; fileRef = 100000000000000000000078 /* ProjectComposerBar.swift */; };
		100000000000000000000080 /* VibeWriteCommands.swift in Sources */ = {isa = PBXBuildFile; fileRef = 100000000000000000000083 /* VibeWriteCommands.swift */; };
		100000000000000000000081 /* RecentDocumentStore.swift in Sources */ = {isa = PBXBuildFile; fileRef = 100000000000000000000084 /* RecentDocumentStore.swift */; };
		100000000000000000000082 /* VibeWriteMarkdownDocument.swift in Sources */ = {isa = PBXBuildFile; fileRef = 100000000000000000000085 /* VibeWriteMarkdownDocument.swift */; };
		100000000000000000000088 /* VibeWriteDocumentMetadataStore.swift in Sources */ = {isa = PBXBuildFile; fileRef = 100000000000000000000087 /* VibeWriteDocumentMetadataStore.swift */; };
		100000000000000000000035 /* VibeWriteAutomationID.swift in Sources */ = {isa = PBXBuildFile; fileRef = 100000000000000000000025 /* VibeWriteAutomationID.swift */; };
		100000000000000000000036 /* VibeWriteModels.swift in Sources */ = {isa = PBXBuildFile; fileRef = 100000000000000000000026 /* VibeWriteModels.swift */; };
		100000000000000000000037 /* MockWritingEngine.swift in Sources */ = {isa = PBXBuildFile; fileRef = 100000000000000000000027 /* MockWritingEngine.swift */; };
		100000000000000000000038 /* VibeWriteTheme.swift in Sources */ = {isa = PBXBuildFile; fileRef = 100000000000000000000028 /* VibeWriteTheme.swift */; };
		100000000000000000000051 /* WritingAIModels.swift in Sources */ = {isa = PBXBuildFile; fileRef = 100000000000000000000052 /* WritingAIModels.swift */; };
		100000000000000000000053 /* WritingAIPromptBuilder.swift in Sources */ = {isa = PBXBuildFile; fileRef = 100000000000000000000054 /* WritingAIPromptBuilder.swift */; };
		100000000000000000000055 /* WritingAIConfiguration.swift in Sources */ = {isa = PBXBuildFile; fileRef = 100000000000000000000056 /* WritingAIConfiguration.swift */; };
		100000000000000000000057 /* WritingProjectResponseBuilder.swift in Sources */ = {isa = PBXBuildFile; fileRef = 100000000000000000000058 /* WritingProjectResponseBuilder.swift */; };
		100000000000000000000079 /* WritingStreamingConfiguration.swift in Sources */ = {isa = PBXBuildFile; fileRef = 10000000000000000000007A /* WritingStreamingConfiguration.swift */; };
		10000000000000000000007B /* WritingStreamingPreviewRenderer.swift in Sources */ = {isa = PBXBuildFile; fileRef = 10000000000000000000007C /* WritingStreamingPreviewRenderer.swift */; };
		100000000000000000000059 /* StubWritingAIClient.swift in Sources */ = {isa = PBXBuildFile; fileRef = 10000000000000000000005A /* StubWritingAIClient.swift */; };
		10000000000000000000005D /* RemoteWritingAIClient.swift in Sources */ = {isa = PBXBuildFile; fileRef = 10000000000000000000005E /* RemoteWritingAIClient.swift */; };
		100000000000000000000069 /* VibeWriteDiagnostics.swift in Sources */ = {isa = PBXBuildFile; fileRef = 100000000000000000000070 /* VibeWriteDiagnostics.swift */; };
		100000000000000000000064 /* SelectableTextEditor.swift in Sources */ = {isa = PBXBuildFile; fileRef = 100000000000000000000065 /* SelectableTextEditor.swift */; };
		100000000000000000000067 /* WritingPatchModels.swift in Sources */ = {isa = PBXBuildFile; fileRef = 100000000000000000000068 /* WritingPatchModels.swift */; };
		100000000000000000000061 /* VibeWriteIcon.icns in Resources */ = {isa = PBXBuildFile; fileRef = 100000000000000000000062 /* VibeWriteIcon.icns */; };
		100000000000000000000071 /* ProjectShellChrome.swift in Sources */ = {isa = PBXBuildFile; fileRef = 100000000000000000000072 /* ProjectShellChrome.swift */; };
		100000000000000000000039 /* VibeWriteUITests.swift in Sources */ = {isa = PBXBuildFile; fileRef = 100000000000000000000029 /* VibeWriteUITests.swift */; };
		10000000000000000000003A /* XCTest.framework in Frameworks */ = {isa = PBXBuildFile; fileRef = 10000000000000000000002A /* XCTest.framework */; };
		100000000000000000000089 /* VibeWriteSharedModels.swift in Sources */ = {isa = PBXBuildFile; fileRef = 10000000000000000000008D /* VibeWriteSharedModels.swift */; };
		10000000000000000000008A /* WritingAIContracts.swift in Sources */ = {isa = PBXBuildFile; fileRef = 10000000000000000000008E /* WritingAIContracts.swift */; };
		10000000000000000000008B /* libVibeWriteShared.a in Frameworks */ = {isa = PBXBuildFile; fileRef = 10000000000000000000008C /* libVibeWriteShared.a */; };
/* End PBXBuildFile section */

/* Begin PBXContainerItemProxy section */
		10000000000000000000003B /* PBXContainerItemProxy */ = {
			isa = PBXContainerItemProxy;
			containerPortal = 100000000000000000000001 /* Project object */;
			proxyType = 1;
			remoteGlobalIDString = 10000000000000000000000E;
			remoteInfo = VibeWriteApp;
		};
		100000000000000000000096 /* PBXContainerItemProxy */ = {
			isa = PBXContainerItemProxy;
			containerPortal = 100000000000000000000001 /* Project object */;
			proxyType = 1;
			remoteGlobalIDString = 100000000000000000000092 /* VibeWriteShared */;
			remoteInfo = VibeWriteShared;
		};
/* End PBXContainerItemProxy section */

/* Begin PBXFileReference section */
		100000000000000000000010 /* VibeWrite.app */ = {isa = PBXFileReference; explicitFileType = wrapper.application; includeInIndex = 0; path = VibeWrite.app; sourceTree = BUILT_PRODUCTS_DIR; };
		100000000000000000000011 /* VibeWriteUITests.xctest */ = {isa = PBXFileReference; explicitFileType = wrapper.cfbundle; includeInIndex = 0; path = VibeWriteUITests.xctest; sourceTree = BUILT_PRODUCTS_DIR; };
		10000000000000000000008C /* libVibeWriteShared.a */ = {isa = PBXFileReference; explicitFileType = archive.ar; includeInIndex = 0; path = libVibeWriteShared.a; sourceTree = BUILT_PRODUCTS_DIR; };
		100000000000000000000020 /* VibeWriteApp.swift */ = {isa = PBXFileReference; lastKnownFileType = sourcecode.swift; path = VibeWriteApp.swift; sourceTree = "<group>"; };
		100000000000000000000021 /* RootShellView.swift */ = {isa = PBXFileReference; lastKnownFileType = sourcecode.swift; path = RootShellView.swift; sourceTree = "<group>"; };
		100000000000000000000022 /* VibeWriteAppFlow.swift */ = {isa = PBXFileReference; lastKnownFileType = sourcecode.swift; path = VibeWriteAppFlow.swift; sourceTree = "<group>"; };
		10000000000000000000004F /* LocalProjectStore.swift */ = {isa = PBXFileReference; lastKnownFileType = sourcecode.swift; path = LocalProjectStore.swift; sourceTree = "<group>"; };
		100000000000000000000024 /* WritingProjectView.swift */ = {isa = PBXFileReference; lastKnownFileType = sourcecode.swift; path = WritingProjectView.swift; sourceTree = "<group>"; };
		100000000000000000000074 /* ProjectAISidebarView.swift */ = {isa = PBXFileReference; lastKnownFileType = sourcecode.swift; path = ProjectAISidebarView.swift; sourceTree = "<group>"; };
		100000000000000000000076 /* ProjectHistoryDrawerView.swift */ = {isa = PBXFileReference; lastKnownFileType = sourcecode.swift; path = ProjectHistoryDrawerView.swift; sourceTree = "<group>"; };
		100000000000000000000078 /* ProjectComposerBar.swift */ = {isa = PBXFileReference; lastKnownFileType = sourcecode.swift; path = ProjectComposerBar.swift; sourceTree = "<group>"; };
		100000000000000000000083 /* VibeWriteCommands.swift */ = {isa = PBXFileReference; lastKnownFileType = sourcecode.swift; path = VibeWriteCommands.swift; sourceTree = "<group>"; };
		100000000000000000000084 /* RecentDocumentStore.swift */ = {isa = PBXFileReference; lastKnownFileType = sourcecode.swift; path = RecentDocumentStore.swift; sourceTree = "<group>"; };
		100000000000000000000085 /* VibeWriteMarkdownDocument.swift */ = {isa = PBXFileReference; lastKnownFileType = sourcecode.swift; path = VibeWriteMarkdownDocument.swift; sourceTree = "<group>"; };
		100000000000000000000087 /* VibeWriteDocumentMetadataStore.swift */ = {isa = PBXFileReference; lastKnownFileType = sourcecode.swift; path = VibeWriteDocumentMetadataStore.swift; sourceTree = "<group>"; };
		100000000000000000000025 /* VibeWriteAutomationID.swift */ = {isa = PBXFileReference; lastKnownFileType = sourcecode.swift; path = VibeWriteAutomationID.swift; sourceTree = "<group>"; };
		100000000000000000000026 /* VibeWriteModels.swift */ = {isa = PBXFileReference; lastKnownFileType = sourcecode.swift; path = VibeWriteModels.swift; sourceTree = "<group>"; };
		100000000000000000000027 /* MockWritingEngine.swift */ = {isa = PBXFileReference; lastKnownFileType = sourcecode.swift; path = MockWritingEngine.swift; sourceTree = "<group>"; };
		100000000000000000000028 /* VibeWriteTheme.swift */ = {isa = PBXFileReference; lastKnownFileType = sourcecode.swift; path = VibeWriteTheme.swift; sourceTree = "<group>"; };
		10000000000000000000004D /* VibeWrite.xcconfig */ = {isa = PBXFileReference; lastKnownFileType = text.xcconfig; path = VibeWrite.xcconfig; sourceTree = "<group>"; };
		100000000000000000000052 /* WritingAIModels.swift */ = {isa = PBXFileReference; lastKnownFileType = sourcecode.swift; path = WritingAIModels.swift; sourceTree = "<group>"; };
		100000000000000000000054 /* WritingAIPromptBuilder.swift */ = {isa = PBXFileReference; lastKnownFileType = sourcecode.swift; path = WritingAIPromptBuilder.swift; sourceTree = "<group>"; };
		100000000000000000000056 /* WritingAIConfiguration.swift */ = {isa = PBXFileReference; lastKnownFileType = sourcecode.swift; path = WritingAIConfiguration.swift; sourceTree = "<group>"; };
		100000000000000000000058 /* WritingProjectResponseBuilder.swift */ = {isa = PBXFileReference; lastKnownFileType = sourcecode.swift; path = WritingProjectResponseBuilder.swift; sourceTree = "<group>"; };
		10000000000000000000007A /* WritingStreamingConfiguration.swift */ = {isa = PBXFileReference; lastKnownFileType = sourcecode.swift; path = WritingStreamingConfiguration.swift; sourceTree = "<group>"; };
		10000000000000000000007C /* WritingStreamingPreviewRenderer.swift */ = {isa = PBXFileReference; lastKnownFileType = sourcecode.swift; path = WritingStreamingPreviewRenderer.swift; sourceTree = "<group>"; };
		10000000000000000000005A /* StubWritingAIClient.swift */ = {isa = PBXFileReference; lastKnownFileType = sourcecode.swift; path = StubWritingAIClient.swift; sourceTree = "<group>"; };
		10000000000000000000005E /* RemoteWritingAIClient.swift */ = {isa = PBXFileReference; lastKnownFileType = sourcecode.swift; path = RemoteWritingAIClient.swift; sourceTree = "<group>"; };
		100000000000000000000070 /* VibeWriteDiagnostics.swift */ = {isa = PBXFileReference; lastKnownFileType = sourcecode.swift; path = VibeWriteDiagnostics.swift; sourceTree = "<group>"; };
		100000000000000000000065 /* SelectableTextEditor.swift */ = {isa = PBXFileReference; lastKnownFileType = sourcecode.swift; path = SelectableTextEditor.swift; sourceTree = "<group>"; };
		100000000000000000000068 /* WritingPatchModels.swift */ = {isa = PBXFileReference; lastKnownFileType = sourcecode.swift; path = WritingPatchModels.swift; sourceTree = "<group>"; };
		100000000000000000000062 /* VibeWriteIcon.icns */ = {isa = PBXFileReference; lastKnownFileType = image.icns; path = VibeWriteIcon.icns; sourceTree = "<group>"; };
		100000000000000000000072 /* ProjectShellChrome.swift */ = {isa = PBXFileReference; lastKnownFileType = sourcecode.swift; path = ProjectShellChrome.swift; sourceTree = "<group>"; };
		100000000000000000000029 /* VibeWriteUITests.swift */ = {isa = PBXFileReference; lastKnownFileType = sourcecode.swift; path = VibeWriteUITests.swift; sourceTree = "<group>"; };
		10000000000000000000002A /* XCTest.framework */ = {isa = PBXFileReference; lastKnownFileType = wrapper.framework; name = XCTest.framework; path = XCTest.framework; sourceTree = SDKROOT; };
		10000000000000000000008D /* VibeWriteSharedModels.swift */ = {isa = PBXFileReference; lastKnownFileType = sourcecode.swift; path = VibeWriteSharedModels.swift; sourceTree = "<group>"; };
		10000000000000000000008E /* WritingAIContracts.swift */ = {isa = PBXFileReference; lastKnownFileType = sourcecode.swift; path = WritingAIContracts.swift; sourceTree = "<group>"; };
/* End PBXFileReference section */

/* Begin PBXFrameworksBuildPhase section */
		100000000000000000000094 /* Frameworks */ = {
			isa = PBXFrameworksBuildPhase;
			buildActionMask = 2147483647;
			files = (
			);
			runOnlyForDeploymentPostprocessing = 0;
		};
		10000000000000000000003E /* Frameworks */ = {
			isa = PBXFrameworksBuildPhase;
			buildActionMask = 2147483647;
			files = (
				10000000000000000000008B /* libVibeWriteShared.a in Frameworks */,
			);
			runOnlyForDeploymentPostprocessing = 0;
		};
		100000000000000000000041 /* Frameworks */ = {
			isa = PBXFrameworksBuildPhase;
			buildActionMask = 2147483647;
			files = (
				10000000000000000000003A /* XCTest.framework in Frameworks */,
			);
			runOnlyForDeploymentPostprocessing = 0;
		};
/* End PBXFrameworksBuildPhase section */

/* Begin PBXGroup section */
		100000000000000000000001 = {
			isa = PBXProject;
			attributes = {
				LastSwiftUpdateCheck = 2630;
				LastUpgradeCheck = 2630;
			};
			buildConfigurationList = 100000000000000000000043 /* Build configuration list for PBXProject "VibeWrite" */;
			compatibilityVersion = "Xcode 26.0";
			developmentRegion = en;
			hasScannedForEncodings = 0;
			knownRegions = (
				en,
			);
			mainGroup = 100000000000000000000002;
			minimizedProjectReferenceProxies = 0;
			preferredProjectObjectVersion = 77;
			productRefGroup = 100000000000000000000003;
			projectDirPath = "";
			projectRoot = "";
			targets = (
				100000000000000000000092 /* VibeWriteShared */,
				10000000000000000000000E /* VibeWriteApp */,
				10000000000000000000000F /* VibeWriteUITests */,
			);
		};
		100000000000000000000002 = {
			isa = PBXGroup;
			children = (
				100000000000000000000003 /* Products */,
				100000000000000000000050 /* Config */,
				100000000000000000000063 /* Resources */,
				100000000000000000000004 /* Sources */,
				10000000000000000000008F /* VibeWriteShared */,
				10000000000000000000000D /* UITests */,
			);
			sourceTree = "<group>";
		};
		100000000000000000000003 = {
			isa = PBXGroup;
			children = (
				100000000000000000000010 /* VibeWrite.app */,
				100000000000000000000011 /* VibeWriteUITests.xctest */,
				10000000000000000000008C /* libVibeWriteShared.a */,
			);
			name = Products;
			sourceTree = "<group>";
		};
		10000000000000000000008F /* VibeWriteShared */ = {
			isa = PBXGroup;
			children = (
				100000000000000000000090 /* Models */,
				100000000000000000000091 /* AI */,
			);
			path = Sources/VibeWriteShared;
			sourceTree = "<group>";
		};
		100000000000000000000004 = {
			isa = PBXGroup;
			children = (
				100000000000000000000005 /* App */,
				100000000000000000000006 /* Features */,
				100000000000000000000009 /* Shared */,
			);
			path = Sources/VibeWriteApp;
			sourceTree = "<group>";
		};
		100000000000000000000005 = {
			isa = PBXGroup;
			children = (
				100000000000000000000020 /* VibeWriteApp.swift */,
				100000000000000000000021 /* RootShellView.swift */,
				100000000000000000000022 /* VibeWriteAppFlow.swift */,
				100000000000000000000083 /* VibeWriteCommands.swift */,
				100000000000000000000084 /* RecentDocumentStore.swift */,
				10000000000000000000004F /* LocalProjectStore.swift */,
			);
			path = App;
			sourceTree = "<group>";
		};
		100000000000000000000006 = {
			isa = PBXGroup;
			children = (
				100000000000000000000008 /* Project */,
			);
			path = Features;
			sourceTree = "<group>";
		};
		100000000000000000000008 = {
			isa = PBXGroup;
			children = (
				100000000000000000000074 /* ProjectAISidebarView.swift */,
				100000000000000000000078 /* ProjectComposerBar.swift */,
				100000000000000000000076 /* ProjectHistoryDrawerView.swift */,
				100000000000000000000024 /* WritingProjectView.swift */,
			);
			path = Project;
			sourceTree = "<group>";
		};
		100000000000000000000009 = {
			isa = PBXGroup;
			children = (
				10000000000000000000000A /* Models */,
				10000000000000000000000B /* Theme */,
				100000000000000000000086 /* Documents */,
				10000000000000000000000C /* Automation */,
				100000000000000000000060 /* AI */,
				100000000000000000000066 /* Views */,
			);
			path = Shared;
			sourceTree = "<group>";
		};
		100000000000000000000086 /* Documents */ = {
			isa = PBXGroup;
			children = (
				100000000000000000000085 /* VibeWriteMarkdownDocument.swift */,
				100000000000000000000087 /* VibeWriteDocumentMetadataStore.swift */,
			);
			path = Documents;
			sourceTree = "<group>";
		};
		100000000000000000000066 /* Views */ = {
			isa = PBXGroup;
			children = (
				100000000000000000000065 /* SelectableTextEditor.swift */,
				100000000000000000000072 /* ProjectShellChrome.swift */,
			);
			path = Views;
			sourceTree = "<group>";
		};
		100000000000000000000060 /* AI */ = {
			isa = PBXGroup;
			children = (
				100000000000000000000052 /* WritingAIModels.swift */,
				100000000000000000000054 /* WritingAIPromptBuilder.swift */,
				100000000000000000000056 /* WritingAIConfiguration.swift */,
				100000000000000000000058 /* WritingProjectResponseBuilder.swift */,
				10000000000000000000007A /* WritingStreamingConfiguration.swift */,
				10000000000000000000007C /* WritingStreamingPreviewRenderer.swift */,
				10000000000000000000005A /* StubWritingAIClient.swift */,
				10000000000000000000005E /* RemoteWritingAIClient.swift */,
				100000000000000000000070 /* VibeWriteDiagnostics.swift */,
			);
			path = AI;
			sourceTree = "<group>";
		};
		10000000000000000000000A = {
			isa = PBXGroup;
			children = (
				100000000000000000000026 /* VibeWriteModels.swift */,
				100000000000000000000068 /* WritingPatchModels.swift */,
				100000000000000000000027 /* MockWritingEngine.swift */,
			);
			path = Models;
			sourceTree = "<group>";
		};
		100000000000000000000090 /* Models */ = {
			isa = PBXGroup;
			children = (
				10000000000000000000008D /* VibeWriteSharedModels.swift */,
			);
			path = Models;
			sourceTree = "<group>";
		};
		100000000000000000000091 /* AI */ = {
			isa = PBXGroup;
			children = (
				10000000000000000000008E /* WritingAIContracts.swift */,
			);
			path = AI;
			sourceTree = "<group>";
		};
		10000000000000000000000B = {
			isa = PBXGroup;
			children = (
				100000000000000000000028 /* VibeWriteTheme.swift */,
			);
			path = Theme;
			sourceTree = "<group>";
		};
		10000000000000000000000C = {
			isa = PBXGroup;
			children = (
				100000000000000000000025 /* VibeWriteAutomationID.swift */,
			);
			path = Automation;
			sourceTree = "<group>";
		};
		10000000000000000000000D = {
			isa = PBXGroup;
			children = (
				100000000000000000000029 /* VibeWriteUITests.swift */,
			);
			path = UITests;
			sourceTree = "<group>";
		};
		100000000000000000000050 /* Config */ = {
			isa = PBXGroup;
			children = (
				10000000000000000000004D /* VibeWrite.xcconfig */,
			);
			path = Config;
			sourceTree = "<group>";
		};
		100000000000000000000063 /* Resources */ = {
			isa = PBXGroup;
			children = (
				100000000000000000000062 /* VibeWriteIcon.icns */,
			);
			path = Resources;
			sourceTree = "<group>";
		};
/* End PBXGroup section */

/* Begin PBXNativeTarget section */
		100000000000000000000092 /* VibeWriteShared */ = {
			isa = PBXNativeTarget;
			buildConfigurationList = 100000000000000000000097 /* Build configuration list for PBXNativeTarget "VibeWriteShared" */;
			buildPhases = (
				100000000000000000000093 /* Sources */,
				100000000000000000000094 /* Frameworks */,
			);
			buildRules = (
			);
			dependencies = (
			);
			name = VibeWriteShared;
			productName = VibeWriteShared;
			productReference = 10000000000000000000008C /* libVibeWriteShared.a */;
			productType = "com.apple.product-type.library.static";
		};
		10000000000000000000000E /* VibeWriteApp */ = {
			isa = PBXNativeTarget;
			buildConfigurationList = 100000000000000000000044 /* Build configuration list for PBXNativeTarget "VibeWriteApp" */;
			buildPhases = (
				10000000000000000000003D /* Sources */,
				10000000000000000000003E /* Frameworks */,
				10000000000000000000003F /* Resources */,
			);
			buildRules = (
			);
			dependencies = (
				100000000000000000000095 /* PBXTargetDependency */,
			);
			name = VibeWriteApp;
			productName = VibeWrite;
			productReference = 100000000000000000000010 /* VibeWrite.app */;
			productType = "com.apple.product-type.application";
		};
		10000000000000000000000F /* VibeWriteUITests */ = {
			isa = PBXNativeTarget;
			buildConfigurationList = 100000000000000000000045 /* Build configuration list for PBXNativeTarget "VibeWriteUITests" */;
			buildPhases = (
				100000000000000000000040 /* Sources */,
				100000000000000000000041 /* Frameworks */,
				100000000000000000000042 /* Resources */,
			);
			buildRules = (
			);
			dependencies = (
				10000000000000000000003C /* PBXTargetDependency */,
			);
			name = VibeWriteUITests;
			productName = VibeWriteUITests;
			productReference = 100000000000000000000011 /* VibeWriteUITests.xctest */;
			productType = "com.apple.product-type.bundle.ui-testing";
		};
/* End PBXNativeTarget section */

/* Begin PBXResourcesBuildPhase section */
		10000000000000000000003F /* Resources */ = {
			isa = PBXResourcesBuildPhase;
			buildActionMask = 2147483647;
			files = (
				100000000000000000000061 /* VibeWriteIcon.icns in Resources */,
			);
			runOnlyForDeploymentPostprocessing = 0;
		};
		100000000000000000000042 /* Resources */ = {
			isa = PBXResourcesBuildPhase;
			buildActionMask = 2147483647;
			files = (
			);
			runOnlyForDeploymentPostprocessing = 0;
		};
/* End PBXResourcesBuildPhase section */

/* Begin PBXSourcesBuildPhase section */
		100000000000000000000093 /* Sources */ = {
			isa = PBXSourcesBuildPhase;
			buildActionMask = 2147483647;
			files = (
				100000000000000000000089 /* VibeWriteSharedModels.swift in Sources */,
				10000000000000000000008A /* WritingAIContracts.swift in Sources */,
			);
			runOnlyForDeploymentPostprocessing = 0;
		};
		10000000000000000000003D /* Sources */ = {
			isa = PBXSourcesBuildPhase;
			buildActionMask = 2147483647;
			files = (
				100000000000000000000030 /* VibeWriteApp.swift in Sources */,
				100000000000000000000031 /* RootShellView.swift in Sources */,
				100000000000000000000032 /* VibeWriteAppFlow.swift in Sources */,
				10000000000000000000004E /* LocalProjectStore.swift in Sources */,
				100000000000000000000034 /* WritingProjectView.swift in Sources */,
				100000000000000000000088 /* VibeWriteDocumentMetadataStore.swift in Sources */,
				100000000000000000000073 /* ProjectAISidebarView.swift in Sources */,
				100000000000000000000075 /* ProjectHistoryDrawerView.swift in Sources */,
				100000000000000000000077 /* ProjectComposerBar.swift in Sources */,
				100000000000000000000035 /* VibeWriteAutomationID.swift in Sources */,
				100000000000000000000036 /* VibeWriteModels.swift in Sources */,
				100000000000000000000037 /* MockWritingEngine.swift in Sources */,
				100000000000000000000038 /* VibeWriteTheme.swift in Sources */,
				100000000000000000000051 /* WritingAIModels.swift in Sources */,
				100000000000000000000053 /* WritingAIPromptBuilder.swift in Sources */,
				100000000000000000000055 /* WritingAIConfiguration.swift in Sources */,
				100000000000000000000057 /* WritingProjectResponseBuilder.swift in Sources */,
				100000000000000000000079 /* WritingStreamingConfiguration.swift in Sources */,
				10000000000000000000007B /* WritingStreamingPreviewRenderer.swift in Sources */,
				100000000000000000000059 /* StubWritingAIClient.swift in Sources */,
				10000000000000000000005D /* RemoteWritingAIClient.swift in Sources */,
				100000000000000000000069 /* VibeWriteDiagnostics.swift in Sources */,
				100000000000000000000064 /* SelectableTextEditor.swift in Sources */,
				100000000000000000000071 /* ProjectShellChrome.swift in Sources */,
				100000000000000000000067 /* WritingPatchModels.swift in Sources */,
				100000000000000000000080 /* VibeWriteCommands.swift in Sources */,
				100000000000000000000081 /* RecentDocumentStore.swift in Sources */,
				100000000000000000000082 /* VibeWriteMarkdownDocument.swift in Sources */,
			);
			runOnlyForDeploymentPostprocessing = 0;
		};
		100000000000000000000040 /* Sources */ = {
			isa = PBXSourcesBuildPhase;
			buildActionMask = 2147483647;
			files = (
				100000000000000000000039 /* VibeWriteUITests.swift in Sources */,
			);
			runOnlyForDeploymentPostprocessing = 0;
		};
/* End PBXSourcesBuildPhase section */

/* Begin PBXTargetDependency section */
		100000000000000000000095 /* PBXTargetDependency */ = {
			isa = PBXTargetDependency;
			target = 100000000000000000000092 /* VibeWriteShared */;
			targetProxy = 100000000000000000000096 /* PBXContainerItemProxy */;
		};
		10000000000000000000003C /* PBXTargetDependency */ = {
			isa = PBXTargetDependency;
			target = 10000000000000000000000E /* VibeWriteApp */;
			targetProxy = 10000000000000000000003B /* PBXContainerItemProxy */;
		};
/* End PBXTargetDependency section */

/* Begin XCBuildConfiguration section */
		100000000000000000000046 /* Debug */ = {
			isa = XCBuildConfiguration;
			buildSettings = {
			};
			name = Debug;
		};
		100000000000000000000047 /* Release */ = {
			isa = XCBuildConfiguration;
			buildSettings = {
			};
			name = Release;
		};
		100000000000000000000048 /* Debug */ = {
			isa = XCBuildConfiguration;
			baseConfigurationReference = 10000000000000000000004D /* VibeWrite.xcconfig */;
			buildSettings = {
				CLANG_ENABLE_MODULES = YES;
				CLANG_ENABLE_OBJC_ARC = YES;
				CODE_SIGNING_ALLOWED = YES;
				CODE_SIGNING_REQUIRED = YES;
				CODE_SIGN_IDENTITY = "VibeWrite Local Signing";
				CODE_SIGN_STYLE = Manual;
				CURRENT_PROJECT_VERSION = 1;
				DEVELOPMENT_TEAM = "";
				ENABLE_DEBUG_DYLIB = YES;
				GENERATE_INFOPLIST_FILE = NO;
				INFOPLIST_FILE = Config/VibeWriteInfo.plist;
				MACOSX_DEPLOYMENT_TARGET = 14.0;
				MARKETING_VERSION = 1.0;
				PRODUCT_BUNDLE_IDENTIFIER = com.knightspace.vibewrite;
				PRODUCT_NAME = VibeWrite;
				SWIFT_ACTIVE_COMPILATION_CONDITIONS = DEBUG;
				SWIFT_EMIT_LOC_STRINGS = YES;
				SWIFT_OPTIMIZATION_LEVEL = "-Onone";
				SWIFT_VERSION = 6.0;
			};
			name = Debug;
		};
		100000000000000000000049 /* Release */ = {
			isa = XCBuildConfiguration;
			baseConfigurationReference = 10000000000000000000004D /* VibeWrite.xcconfig */;
			buildSettings = {
				CLANG_ENABLE_MODULES = YES;
				CLANG_ENABLE_OBJC_ARC = YES;
				CODE_SIGNING_ALLOWED = YES;
				CODE_SIGNING_REQUIRED = YES;
				CODE_SIGN_IDENTITY = "VibeWrite Local Signing";
				CODE_SIGN_STYLE = Manual;
				CURRENT_PROJECT_VERSION = 1;
				DEVELOPMENT_TEAM = "";
				GENERATE_INFOPLIST_FILE = NO;
				INFOPLIST_FILE = Config/VibeWriteInfo.plist;
				MACOSX_DEPLOYMENT_TARGET = 14.0;
				MARKETING_VERSION = 1.0;
				PRODUCT_BUNDLE_IDENTIFIER = com.knightspace.vibewrite;
				PRODUCT_NAME = VibeWrite;
				SWIFT_EMIT_LOC_STRINGS = YES;
				SWIFT_VERSION = 6.0;
			};
			name = Release;
		};
		100000000000000000000098 /* Debug */ = {
			isa = XCBuildConfiguration;
			baseConfigurationReference = 10000000000000000000004D /* VibeWrite.xcconfig */;
			buildSettings = {
				CLANG_ENABLE_MODULES = YES;
				CLANG_ENABLE_OBJC_ARC = YES;
				CURRENT_PROJECT_VERSION = 1;
				DEVELOPMENT_TEAM = "";
				DEFINES_MODULE = YES;
				GENERATE_INFOPLIST_FILE = NO;
				MACOSX_DEPLOYMENT_TARGET = 14.0;
				MARKETING_VERSION = 1.0;
				PRODUCT_NAME = VibeWriteShared;
				SKIP_INSTALL = YES;
				SWIFT_ACTIVE_COMPILATION_CONDITIONS = DEBUG;
				SWIFT_EMIT_LOC_STRINGS = YES;
				SWIFT_OPTIMIZATION_LEVEL = "-Onone";
				SWIFT_VERSION = 6.0;
			};
			name = Debug;
		};
		100000000000000000000099 /* Release */ = {
			isa = XCBuildConfiguration;
			baseConfigurationReference = 10000000000000000000004D /* VibeWrite.xcconfig */;
			buildSettings = {
				CLANG_ENABLE_MODULES = YES;
				CLANG_ENABLE_OBJC_ARC = YES;
				CURRENT_PROJECT_VERSION = 1;
				DEVELOPMENT_TEAM = "";
				DEFINES_MODULE = YES;
				GENERATE_INFOPLIST_FILE = NO;
				MACOSX_DEPLOYMENT_TARGET = 14.0;
				MARKETING_VERSION = 1.0;
				PRODUCT_NAME = VibeWriteShared;
				SKIP_INSTALL = YES;
				SWIFT_EMIT_LOC_STRINGS = YES;
				SWIFT_VERSION = 6.0;
			};
			name = Release;
		};
		10000000000000000000004A /* Debug */ = {
			isa = XCBuildConfiguration;
			baseConfigurationReference = 10000000000000000000004D /* VibeWrite.xcconfig */;
			buildSettings = {
				CLANG_ENABLE_MODULES = YES;
				CLANG_ENABLE_OBJC_ARC = YES;
				CODE_SIGNING_ALLOWED = YES;
				CODE_SIGNING_REQUIRED = YES;
				CODE_SIGN_IDENTITY = "VibeWrite Local Signing";
				CODE_SIGN_STYLE = Manual;
				CURRENT_PROJECT_VERSION = 1;
				DEVELOPMENT_TEAM = "";
				GENERATE_INFOPLIST_FILE = YES;
				MACOSX_DEPLOYMENT_TARGET = 14.0;
				MARKETING_VERSION = 1.0;
				PRODUCT_BUNDLE_IDENTIFIER = com.knightspace.vibewrite.uitests;
				PRODUCT_NAME = VibeWriteUITests;
				SWIFT_EMIT_LOC_STRINGS = YES;
				SWIFT_OPTIMIZATION_LEVEL = "-Onone";
				SWIFT_VERSION = 6.0;
				TEST_TARGET_NAME = VibeWriteApp;
			};
			name = Debug;
		};
		10000000000000000000004B /* Release */ = {
			isa = XCBuildConfiguration;
			baseConfigurationReference = 10000000000000000000004D /* VibeWrite.xcconfig */;
			buildSettings = {
				CLANG_ENABLE_MODULES = YES;
				CLANG_ENABLE_OBJC_ARC = YES;
				CODE_SIGNING_ALLOWED = YES;
				CODE_SIGNING_REQUIRED = YES;
				CODE_SIGN_IDENTITY = "VibeWrite Local Signing";
				CODE_SIGN_STYLE = Manual;
				CURRENT_PROJECT_VERSION = 1;
				DEVELOPMENT_TEAM = "";
				GENERATE_INFOPLIST_FILE = YES;
				MACOSX_DEPLOYMENT_TARGET = 14.0;
				MARKETING_VERSION = 1.0;
				PRODUCT_BUNDLE_IDENTIFIER = com.knightspace.vibewrite.uitests;
				PRODUCT_NAME = VibeWriteUITests;
				SWIFT_EMIT_LOC_STRINGS = YES;
				SWIFT_VERSION = 6.0;
				TEST_TARGET_NAME = VibeWriteApp;
			};
			name = Release;
		};
/* End XCBuildConfiguration section */

/* Begin XCConfigurationList section */
		100000000000000000000043 /* Build configuration list for PBXProject "VibeWrite" */ = {
			isa = XCConfigurationList;
			buildConfigurations = (
				100000000000000000000046 /* Debug */,
				100000000000000000000047 /* Release */,
			);
			defaultConfigurationIsVisible = 0;
			defaultConfigurationName = Debug;
		};
		100000000000000000000044 /* Build configuration list for PBXNativeTarget "VibeWriteApp" */ = {
			isa = XCConfigurationList;
			buildConfigurations = (
				100000000000000000000048 /* Debug */,
				100000000000000000000049 /* Release */,
			);
			defaultConfigurationIsVisible = 0;
			defaultConfigurationName = Debug;
		};
		100000000000000000000097 /* Build configuration list for PBXNativeTarget "VibeWriteShared" */ = {
			isa = XCConfigurationList;
			buildConfigurations = (
				100000000000000000000098 /* Debug */,
				100000000000000000000099 /* Release */,
			);
			defaultConfigurationIsVisible = 0;
			defaultConfigurationName = Debug;
		};
		100000000000000000000045 /* Build configuration list for PBXNativeTarget "VibeWriteUITests" */ = {
			isa = XCConfigurationList;
			buildConfigurations = (
				10000000000000000000004A /* Debug */,
				10000000000000000000004B /* Release */,
			);
			defaultConfigurationIsVisible = 0;
			defaultConfigurationName = Debug;
		};
/* End XCConfigurationList section */
	};
	rootObject = 100000000000000000000001 /* Project object */;
}
